
Microsoft Visual Studio Solution File, Format Version 12.00
# Visual Studio 15
VisualStudioVersion = 15.0.27703.2035
MinimumVisualStudioVersion = 10.0.40219.1
Project("{FAE04EC0-301F-11D3-BF4B-00C04F79EFBC}") = "EvilBot", "EvilBot\EvilBot.csproj", "{3C116E10-AFCF-4B34-8DB5-2F39C5A95B5A}"
EndProject
Global
	GlobalSection(SolutionConfigurationPlatforms) = preSolution
		Debug|Any CPU = Debug|Any CPU
		Release|Any CPU = Release|Any CPU
	EndGlobalSection
	GlobalSection(ProjectConfigurationPlatforms) = postSolution
		{3C116E10-AFCF-4B34-8DB5-2F39C5A95B5A}.Debug|Any CPU.ActiveCfg = Debug|Any CPU
		{3C116E10-AFCF-4B34-8DB5-2F39C5A95B5A}.Debug|Any CPU.Build.0 = Debug|Any CPU
		{3C116E10-AFCF-4B34-8DB5-2F39C5A95B5A}.Release|Any CPU.ActiveCfg = Release|Any CPU
		{3C116E10-AFCF-4B34-8DB5-2F39C5A95B5A}.Release|Any CPU.Build.0 = Release|Any CPU
	EndGlobalSection
	GlobalSection(SolutionProperties) = preSolution
		HideSolutionNode = FALSE
	EndGlobalSection
	GlobalSection(ExtensibilityGlobals) = postSolution
		SolutionGuid = {B74292AD-3F36-4A49-B891-9E7B6A5C68C7}
	EndGlobalSection
EndGlobal
